
Microsoft Visual Studio Solution File, Format Version 12.00
# Visual Studio Version 16
VisualStudioVersion = 16.0.28803.202
MinimumVisualStudioVersion = 10.0.40219.1
Project("{FAE04EC0-301F-11D3-BF4B-00C04F79EFBC}") = "Decorar", "Decorar\Decorar.csproj", "{8C67EADB-7CF5-4FEC-A159-6B0DC018B742}"
EndProject
Global
	GlobalSection(SolutionConfigurationPlatforms) = preSolution
		Debug|Any CPU = Debug|Any CPU
		Release|Any CPU = Release|Any CPU
	EndGlobalSection
	GlobalSection(ProjectConfigurationPlatforms) = postSolution
		{8C67EADB-7CF5-4FEC-A159-6B0DC018B742}.Debug|Any CPU.ActiveCfg = Debug|Any CPU
		{8C67EADB-7CF5-4FEC-A159-6B0DC018B742}.Debug|Any CPU.Build.0 = Debug|Any CPU
		{8C67EADB-7CF5-4FEC-A159-6B0DC018B742}.Release|Any CPU.ActiveCfg = Release|Any CPU
		{8C67EADB-7CF5-4FEC-A159-6B0DC018B742}.Release|Any CPU.Build.0 = Release|Any CPU
	EndGlobalSection
	GlobalSection(SolutionProperties) = preSolution
		HideSolutionNode = FALSE
	EndGlobalSection
	GlobalSection(ExtensibilityGlobals) = postSolution
		SolutionGuid = {098B79A1-4065-4BF4-AD6E-E33C629451E4}
	EndGlobalSection
EndGlobal
