
Microsoft Visual Studio Solution File, Format Version 12.00
# Visual Studio Version 16
VisualStudioVersion = 16.0.28803.202
MinimumVisualStudioVersion = 10.0.40219.1
Project("{FAE04EC0-301F-11D3-BF4B-00C04F79EFBC}") = "Observer", "Observer\Observer.csproj", "{32D8F913-B3BE-4323-BF1D-808FE9D92FBF}"
EndProject
Global
	GlobalSection(SolutionConfigurationPlatforms) = preSolution
		Debug|Any CPU = Debug|Any CPU
		Release|Any CPU = Release|Any CPU
	EndGlobalSection
	GlobalSection(ProjectConfigurationPlatforms) = postSolution
		{32D8F913-B3BE-4323-BF1D-808FE9D92FBF}.Debug|Any CPU.ActiveCfg = Debug|Any CPU
		{32D8F913-B3BE-4323-BF1D-808FE9D92FBF}.Debug|Any CPU.Build.0 = Debug|Any CPU
		{32D8F913-B3BE-4323-BF1D-808FE9D92FBF}.Release|Any CPU.ActiveCfg = Release|Any CPU
		{32D8F913-B3BE-4323-BF1D-808FE9D92FBF}.Release|Any CPU.Build.0 = Release|Any CPU
	EndGlobalSection
	GlobalSection(SolutionProperties) = preSolution
		HideSolutionNode = FALSE
	EndGlobalSection
	GlobalSection(ExtensibilityGlobals) = postSolution
		SolutionGuid = {D9C15103-4284-4E41-90C7-1843CD08B709}
	EndGlobalSection
EndGlobal
