
Microsoft Visual Studio Solution File, Format Version 12.00
# Visual Studio Version 16
VisualStudioVersion = 16.0.28803.202
MinimumVisualStudioVersion = 10.0.40219.1
Project("{FAE04EC0-301F-11D3-BF4B-00C04F79EFBC}") = "factoryMethod", "factoryMethod\factoryMethod.csproj", "{123B4565-014F-403F-972B-C2878590318A}"
EndProject
Global
	GlobalSection(SolutionConfigurationPlatforms) = preSolution
		Debug|Any CPU = Debug|Any CPU
		Release|Any CPU = Release|Any CPU
	EndGlobalSection
	GlobalSection(ProjectConfigurationPlatforms) = postSolution
		{123B4565-014F-403F-972B-C2878590318A}.Debug|Any CPU.ActiveCfg = Debug|Any CPU
		{123B4565-014F-403F-972B-C2878590318A}.Debug|Any CPU.Build.0 = Debug|Any CPU
		{123B4565-014F-403F-972B-C2878590318A}.Release|Any CPU.ActiveCfg = Release|Any CPU
		{123B4565-014F-403F-972B-C2878590318A}.Release|Any CPU.Build.0 = Release|Any CPU
	EndGlobalSection
	GlobalSection(SolutionProperties) = preSolution
		HideSolutionNode = FALSE
	EndGlobalSection
	GlobalSection(ExtensibilityGlobals) = postSolution
		SolutionGuid = {0399D417-E65D-4CD7-8039-8C82DD44C046}
	EndGlobalSection
EndGlobal
